
Microsoft Visual Studio Solution File, Format Version 12.00
# Visual Studio Version 17
VisualStudioVersion = 17.4.33122.133
MinimumVisualStudioVersion = 10.0.40219.1
Project("{FAE04EC0-301F-11D3-BF4B-00C04F79EFBC}") = "ImportExcelToGridcontrol", "ImportExcelToGridcontrol\ImportExcelToGridcontrol.csproj", "{D88163C9-9944-4352-8937-D77649530D7A}"
EndProject
Global
	GlobalSection(SolutionConfigurationPlatforms) = preSolution
		Debug|Any CPU = Debug|Any CPU
		Release|Any CPU = Release|Any CPU
	EndGlobalSection
	GlobalSection(ProjectConfigurationPlatforms) = postSolution
		{D88163C9-9944-4352-8937-D77649530D7A}.Debug|Any CPU.ActiveCfg = Debug|Any CPU
		{D88163C9-9944-4352-8937-D77649530D7A}.Debug|Any CPU.Build.0 = Debug|Any CPU
		{D88163C9-9944-4352-8937-D77649530D7A}.Release|Any CPU.ActiveCfg = Release|Any CPU
		{D88163C9-9944-4352-8937-D77649530D7A}.Release|Any CPU.Build.0 = Release|Any CPU
	EndGlobalSection
	GlobalSection(SolutionProperties) = preSolution
		HideSolutionNode = FALSE
	EndGlobalSection
	GlobalSection(ExtensibilityGlobals) = postSolution
		SolutionGuid = {CB049510-6612-4B6B-B3E8-7E8C9465AF0A}
	EndGlobalSection
EndGlobal
